{
  "name": "voice-based-email-system",
  "version": "1.0.0",
  "lockfileVersion": 3,
  "requires": true,
  "packages": {
    "": {
      "name": "voice-based-email-system",
      "version": "1.0.0",
      "license": "ISC",
      "dependencies": {
        "based": "^0.0.0",
        "cors": "^2.8.5",
        "email": "^0.2.6",
        "system": "^2.0.1",
        "voice": "^0.0.0"
      }
    },
    "node_modules/based": {
      "version": "0.0.0",
      "resolved": "https://registry.npmjs.org/based/-/based-0.0.0.tgz",
      "integrity": "sha512-me/hAfLKZByXaTEF+SCnP1DLPeVaEONSWZsyhSC8Wt76tnKkFquqR3YQ6Jbg8Tvba1cr/UlCFEEFchyPmb1TMQ==",
      "deprecated": "This package is not maintained and the repository has been removed"
    },
    "node_modules/baudio": {
      "version": "0.1.2",
      "resolved": "https://registry.npmjs.org/baudio/-/baudio-0.1.2.tgz",
      "integrity": "sha512-EHbniHD1p6GvcivxYTcR3okMlS9jffhrg6DyY7e0hcASlad2p2ardrP0gqTNgdhPsQiHRahbvrIcQViexrITRw==",
      "dependencies": {
        "inherits": "~1.0.0"
      }
    },
    "node_modules/cors": {
      "version": "2.8.5",
      "resolved": "https://registry.npmjs.org/cors/-/cors-2.8.5.tgz",
      "integrity": "sha512-KIHbLJqu73RGr/hnbrO9uBeixNGuvSQjul/jdFvS/KFSIH1hWVd1ng7zOHx+YrEfInLG7q4n6GHQ9cDtxv/P6g==",
      "dependencies": {
        "object-assign": "^4",
        "vary": "^1"
      },
      "engines": {
        "node": ">= 0.10"
      }
    },
    "node_modules/email": {
      "version": "0.2.6",
      "resolved": "https://registry.npmjs.org/email/-/email-0.2.6.tgz",
      "integrity": "sha512-SwN1r7cKBBOQMHHM5Poc81Ke/1cWVoSRdE5ineUXIHi+o2zZ68Q/9dsZf+CQuROb1IZIPmWSR2AKhyYZr+Jw9Q==",
      "engines": {
        "node": ">= 0.1.92"
      }
    },
    "node_modules/inherits": {
      "version": "1.0.0",
      "resolved": "https://registry.npmjs.org/inherits/-/inherits-1.0.0.tgz",
      "integrity": "sha512-5KfXESjCAfFQel2TLqhr18NEz++UiWVIA0jwHzs2Kbvb3e+r+G/eVhRfoZbaPCL0PnERvK5YeMgh02O4eenufw==",
      "engines": {
        "node": "*"
      }
    },
    "node_modules/object-assign": {
      "version": "4.1.1",
      "resolved": "https://registry.npmjs.org/object-assign/-/object-assign-4.1.1.tgz",
      "integrity": "sha512-rJgTQnkUnH1sFw8yT6VSU3zD3sWmu6sZhIseY8VX+GRu3P6F7Fu+JNDoXfklElbLJSnc3FUQHVe4cU5hj+BcUg==",
      "engines": {
        "node": ">=0.10.0"
      }
    },
    "node_modules/system": {
      "version": "2.0.1",
      "resolved": "https://registry.npmjs.org/system/-/system-2.0.1.tgz",
      "integrity": "sha512-BwSUSa8LMHZouGadZ34ck3TsrH5s3oMmTKPK+xHdbBnTCZOZMJ38fHGKLAHkBl0PXru1Z4BsymQU4qqvTxWzdQ==",
      "bin": {
        "jscat": "bundle.js"
      }
    },
    "node_modules/vary": {
      "version": "1.1.2",
      "resolved": "https://registry.npmjs.org/vary/-/vary-1.1.2.tgz",
      "integrity": "sha512-BNGbWLfd0eUPabhkXUVm0j8uuvREyTh5ovRa/dyow/BqAbZJyC+5fU+IzQOzmAKzYqYRAISoRhdQr3eIZ/PXqg==",
      "engines": {
        "node": ">= 0.8"
      }
    },
    "node_modules/voice": {
      "version": "0.0.0",
      "resolved": "https://registry.npmjs.org/voice/-/voice-0.0.0.tgz",
      "integrity": "sha512-kO/b0ekrqRUFrq++f8K2f8UvtcXkAQDpk5FzQh2xCBa0E+4EbJJdzgdwEhwBmxLtHh0V5z+F7KJ25i1nIgQ3ew==",
      "dependencies": {
        "baudio": "0.1.2",
        "inherits": "1.0.0"
      }
    }
  }
}
